// !$*UTF8*$!
{
	archiveVersion = 1;
	classes = {
	};
	objectVersion = 50;
	objects = {

/* Begin PBXBuildFile section */
		D4382A4626146C250068FF02 /* vectorTest.cpp in Sources */ = {isa = PBXBuildFile; fileRef = D4382A4526146C250068FF02 /* vectorTest.cpp */; };
		D4382A4C261472E20068FF02 /* listTest.cpp in Sources */ = {isa = PBXBuildFile; fileRef = D4382A4B261472E20068FF02 /* listTest.cpp */; };
		D4382A4F261473150068FF02 /* main.cpp in Sources */ = {isa = PBXBuildFile; fileRef = D4382A4E261473150068FF02 /* main.cpp */; };
		D4382A5F261499910068FF02 /* stackTest.cpp in Sources */ = {isa = PBXBuildFile; fileRef = D4382A5C261493610068FF02 /* stackTest.cpp */; };
		D4382A682614A2090068FF02 /* queueTest.cpp in Sources */ = {isa = PBXBuildFile; fileRef = D4382A672614A2090068FF02 /* queueTest.cpp */; };
		D4382A702614A6030068FF02 /* dequeTest.cpp in Sources */ = {isa = PBXBuildFile; fileRef = D4382A6F2614A6030068FF02 /* dequeTest.cpp */; };
/* End PBXBuildFile section */

/* Begin PBXCopyFilesBuildPhase section */
		D4382A3226146B370068FF02 /* CopyFiles */ = {
			isa = PBXCopyFilesBuildPhase;
			buildActionMask = 2147483647;
			dstPath = /usr/share/man/man1/;
			dstSubfolderSpec = 0;
			files = (
			);
			runOnlyForDeploymentPostprocessing = 1;
		};
/* End PBXCopyFilesBuildPhase section */

/* Begin PBXFileReference section */
		D4382A3426146B370068FF02 /* RobustSTL */ = {isa = PBXFileReference; explicitFileType = "compiled.mach-o.executable"; includeInIndex = 0; path = RobustSTL; sourceTree = BUILT_PRODUCTS_DIR; };
		D4382A4326146B860068FF02 /* vector.h */ = {isa = PBXFileReference; explicitFileType = sourcecode.cpp.h; path = vector.h; sourceTree = "<group>"; };
		D4382A4426146BC30068FF02 /* dsexceptions.h */ = {isa = PBXFileReference; lastKnownFileType = sourcecode.c.h; path = dsexceptions.h; sourceTree = "<group>"; };
		D4382A4526146C250068FF02 /* vectorTest.cpp */ = {isa = PBXFileReference; lastKnownFileType = sourcecode.cpp.cpp; path = vectorTest.cpp; sourceTree = "<group>"; };
		D4382A4926146CFB0068FF02 /* list.h */ = {isa = PBXFileReference; lastKnownFileType = sourcecode.c.h; path = list.h; sourceTree = "<group>"; };
		D4382A4B261472E20068FF02 /* listTest.cpp */ = {isa = PBXFileReference; lastKnownFileType = sourcecode.cpp.cpp; path = listTest.cpp; sourceTree = "<group>"; };
		D4382A4E261473150068FF02 /* main.cpp */ = {isa = PBXFileReference; lastKnownFileType = sourcecode.cpp.cpp; path = main.cpp; sourceTree = "<group>"; };
		D4382A52261473490068FF02 /* vectorTest.h */ = {isa = PBXFileReference; lastKnownFileType = sourcecode.c.h; path = vectorTest.h; sourceTree = "<group>"; };
		D4382A56261481630068FF02 /* listTest.h */ = {isa = PBXFileReference; lastKnownFileType = sourcecode.c.h; path = listTest.h; sourceTree = "<group>"; };
		D4382A5826148E1C0068FF02 /* deque.h */ = {isa = PBXFileReference; lastKnownFileType = sourcecode.c.h; path = deque.h; sourceTree = "<group>"; };
		D4382A5926148E2B0068FF02 /* queue.h */ = {isa = PBXFileReference; lastKnownFileType = sourcecode.c.h; path = queue.h; sourceTree = "<group>"; };
		D4382A5A26148E350068FF02 /* stack.h */ = {isa = PBXFileReference; lastKnownFileType = sourcecode.c.h; path = stack.h; sourceTree = "<group>"; };
		D4382A5C261493610068FF02 /* stackTest.cpp */ = {isa = PBXFileReference; lastKnownFileType = sourcecode.cpp.cpp; path = stackTest.cpp; sourceTree = "<group>"; };
		D4382A5D261493610068FF02 /* stackTest.h */ = {isa = PBXFileReference; explicitFileType = sourcecode.c.h; path = stackTest.h; sourceTree = "<group>"; };
		D4382A672614A2090068FF02 /* queueTest.cpp */ = {isa = PBXFileReference; lastKnownFileType = sourcecode.cpp.cpp; path = queueTest.cpp; sourceTree = "<group>"; };
		D4382A6B2614A21A0068FF02 /* queueTest.h */ = {isa = PBXFileReference; explicitFileType = sourcecode.cpp.h; path = queueTest.h; sourceTree = "<group>"; };
		D4382A6E2614A5F40068FF02 /* dequeTest.h */ = {isa = PBXFileReference; lastKnownFileType = sourcecode.c.h; path = dequeTest.h; sourceTree = "<group>"; };
		D4382A6F2614A6030068FF02 /* dequeTest.cpp */ = {isa = PBXFileReference; lastKnownFileType = sourcecode.cpp.cpp; path = dequeTest.cpp; sourceTree = "<group>"; };
		D4382A732614AB7E0068FF02 /* README.md */ = {isa = PBXFileReference; lastKnownFileType = net.daringfireball.markdown; path = README.md; sourceTree = "<group>"; };
/* End PBXFileReference section */

/* Begin PBXFrameworksBuildPhase section */
		D4382A3126146B370068FF02 /* Frameworks */ = {
			isa = PBXFrameworksBuildPhase;
			buildActionMask = 2147483647;
			files = (
			);
			runOnlyForDeploymentPostprocessing = 0;
		};
/* End PBXFrameworksBuildPhase section */

/* Begin PBXGroup section */
		D4382A2B26146B370068FF02 = {
			isa = PBXGroup;
			children = (
				D4382A732614AB7E0068FF02 /* README.md */,
				D4382A4126146B620068FF02 /* tests */,
				D4382A4026146B5A0068FF02 /* includes */,
				D4382A3526146B370068FF02 /* Products */,
			);
			sourceTree = "<group>";
		};
		D4382A3526146B370068FF02 /* Products */ = {
			isa = PBXGroup;
			children = (
				D4382A3426146B370068FF02 /* RobustSTL */,
			);
			name = Products;
			sourceTree = "<group>";
		};
		D4382A4026146B5A0068FF02 /* includes */ = {
			isa = PBXGroup;
			children = (
				D4382A4326146B860068FF02 /* vector.h */,
				D4382A4426146BC30068FF02 /* dsexceptions.h */,
				D4382A4926146CFB0068FF02 /* list.h */,
				D4382A5826148E1C0068FF02 /* deque.h */,
				D4382A5926148E2B0068FF02 /* queue.h */,
				D4382A5A26148E350068FF02 /* stack.h */,
			);
			path = includes;
			sourceTree = "<group>";
		};
		D4382A4126146B620068FF02 /* tests */ = {
			isa = PBXGroup;
			children = (
				D4382A51261473370068FF02 /* testHeaders */,
				D4382A4526146C250068FF02 /* vectorTest.cpp */,
				D4382A6F2614A6030068FF02 /* dequeTest.cpp */,
				D4382A5C261493610068FF02 /* stackTest.cpp */,
				D4382A672614A2090068FF02 /* queueTest.cpp */,
				D4382A4B261472E20068FF02 /* listTest.cpp */,
				D4382A4E261473150068FF02 /* main.cpp */,
			);
			path = tests;
			sourceTree = "<group>";
		};
		D4382A51261473370068FF02 /* testHeaders */ = {
			isa = PBXGroup;
			children = (
				D4382A52261473490068FF02 /* vectorTest.h */,
				D4382A56261481630068FF02 /* listTest.h */,
				D4382A5D261493610068FF02 /* stackTest.h */,
				D4382A6B2614A21A0068FF02 /* queueTest.h */,
				D4382A6E2614A5F40068FF02 /* dequeTest.h */,
			);
			path = testHeaders;
			sourceTree = "<group>";
		};
/* End PBXGroup section */

/* Begin PBXNativeTarget section */
		D4382A3326146B370068FF02 /* RobustSTL */ = {
			isa = PBXNativeTarget;
			buildConfigurationList = D4382A3B26146B370068FF02 /* Build configuration list for PBXNativeTarget "RobustSTL" */;
			buildPhases = (
				D4382A3026146B370068FF02 /* Sources */,
				D4382A3126146B370068FF02 /* Frameworks */,
				D4382A3226146B370068FF02 /* CopyFiles */,
			);
			buildRules = (
			);
			dependencies = (
			);
			name = RobustSTL;
			productName = RobustSTL;
			productReference = D4382A3426146B370068FF02 /* RobustSTL */;
			productType = "com.apple.product-type.tool";
		};
/* End PBXNativeTarget section */

/* Begin PBXProject section */
		D4382A2C26146B370068FF02 /* Project object */ = {
			isa = PBXProject;
			attributes = {
				LastUpgradeCheck = 1240;
				TargetAttributes = {
					D4382A3326146B370068FF02 = {
						CreatedOnToolsVersion = 12.4;
					};
				};
			};
			buildConfigurationList = D4382A2F26146B370068FF02 /* Build configuration list for PBXProject "RobustSTL" */;
			compatibilityVersion = "Xcode 9.3";
			developmentRegion = en;
			hasScannedForEncodings = 0;
			knownRegions = (
				en,
				Base,
			);
			mainGroup = D4382A2B26146B370068FF02;
			productRefGroup = D4382A3526146B370068FF02 /* Products */;
			projectDirPath = "";
			projectRoot = "";
			targets = (
				D4382A3326146B370068FF02 /* RobustSTL */,
			);
		};
/* End PBXProject section */

/* Begin PBXSourcesBuildPhase section */
		D4382A3026146B370068FF02 /* Sources */ = {
			isa = PBXSourcesBuildPhase;
			buildActionMask = 2147483647;
			files = (
				D4382A682614A2090068FF02 /* queueTest.cpp in Sources */,
				D4382A5F261499910068FF02 /* stackTest.cpp in Sources */,
				D4382A4626146C250068FF02 /* vectorTest.cpp in Sources */,
				D4382A4C261472E20068FF02 /* listTest.cpp in Sources */,
				D4382A702614A6030068FF02 /* dequeTest.cpp in Sources */,
				D4382A4F261473150068FF02 /* main.cpp in Sources */,
			);
			runOnlyForDeploymentPostprocessing = 0;
		};
/* End PBXSourcesBuildPhase section */

/* Begin XCBuildConfiguration section */
		D4382A3926146B370068FF02 /* Debug */ = {
			isa = XCBuildConfiguration;
			buildSettings = {
				ALWAYS_SEARCH_USER_PATHS = NO;
				CLANG_ANALYZER_NONNULL = YES;
				CLANG_ANALYZER_NUMBER_OBJECT_CONVERSION = YES_AGGRESSIVE;
				CLANG_CXX_LANGUAGE_STANDARD = "gnu++14";
				CLANG_CXX_LIBRARY = "libc++";
				CLANG_ENABLE_MODULES = YES;
				CLANG_ENABLE_OBJC_ARC = YES;
				CLANG_ENABLE_OBJC_WEAK = YES;
				CLANG_WARN_BLOCK_CAPTURE_AUTORELEASING = YES;
				CLANG_WARN_BOOL_CONVERSION = YES;
				CLANG_WARN_COMMA = YES;
				CLANG_WARN_CONSTANT_CONVERSION = YES;
				CLANG_WARN_DEPRECATED_OBJC_IMPLEMENTATIONS = YES;
				CLANG_WARN_DIRECT_OBJC_ISA_USAGE = YES_ERROR;
				CLANG_WARN_DOCUMENTATION_COMMENTS = YES;
				CLANG_WARN_EMPTY_BODY = YES;
				CLANG_WARN_ENUM_CONVERSION = YES;
				CLANG_WARN_INFINITE_RECURSION = YES;
				CLANG_WARN_INT_CONVERSION = YES;
				CLANG_WARN_NON_LITERAL_NULL_CONVERSION = YES;
				CLANG_WARN_OBJC_IMPLICIT_RETAIN_SELF = YES;
				CLANG_WARN_OBJC_LITERAL_CONVERSION = YES;
				CLANG_WARN_OBJC_ROOT_CLASS = YES_ERROR;
				CLANG_WARN_QUOTED_INCLUDE_IN_FRAMEWORK_HEADER = YES;
				CLANG_WARN_RANGE_LOOP_ANALYSIS = YES;
				CLANG_WARN_STRICT_PROTOTYPES = YES;
				CLANG_WARN_SUSPICIOUS_MOVE = YES;
				CLANG_WARN_UNGUARDED_AVAILABILITY = YES_AGGRESSIVE;
				CLANG_WARN_UNREACHABLE_CODE = YES;
				CLANG_WARN__DUPLICATE_METHOD_MATCH = YES;
				COPY_PHASE_STRIP = NO;
				DEBUG_INFORMATION_FORMAT = dwarf;
				ENABLE_STRICT_OBJC_MSGSEND = YES;
				ENABLE_TESTABILITY = YES;
				GCC_C_LANGUAGE_STANDARD = gnu11;
				GCC_DYNAMIC_NO_PIC = NO;
				GCC_NO_COMMON_BLOCKS = YES;
				GCC_OPTIMIZATION_LEVEL = 0;
				GCC_PREPROCESSOR_DEFINITIONS = (
					"DEBUG=1",
					"$(inherited)",
				);
				GCC_WARN_64_TO_32_BIT_CONVERSION = YES;
				GCC_WARN_ABOUT_RETURN_TYPE = YES_ERROR;
				GCC_WARN_UNDECLARED_SELECTOR = YES;
				GCC_WARN_UNINITIALIZED_AUTOS = YES_AGGRESSIVE;
				GCC_WARN_UNUSED_FUNCTION = YES;
				GCC_WARN_UNUSED_VARIABLE = YES;
				MACOSX_DEPLOYMENT_TARGET = 10.15;
				MTL_ENABLE_DEBUG_INFO = INCLUDE_SOURCE;
				MTL_FAST_MATH = YES;
				ONLY_ACTIVE_ARCH = YES;
				SDKROOT = macosx;
			};
			name = Debug;
		};
		D4382A3A26146B370068FF02 /* Release */ = {
			isa = XCBuildConfiguration;
			buildSettings = {
				ALWAYS_SEARCH_USER_PATHS = NO;
				CLANG_ANALYZER_NONNULL = YES;
				CLANG_ANALYZER_NUMBER_OBJECT_CONVERSION = YES_AGGRESSIVE;
				CLANG_CXX_LANGUAGE_STANDARD = "gnu++14";
				CLANG_CXX_LIBRARY = "libc++";
				CLANG_ENABLE_MODULES = YES;
				CLANG_ENABLE_OBJC_ARC = YES;
				CLANG_ENABLE_OBJC_WEAK = YES;
				CLANG_WARN_BLOCK_CAPTURE_AUTORELEASING = YES;
				CLANG_WARN_BOOL_CONVERSION = YES;
				CLANG_WARN_COMMA = YES;
				CLANG_WARN_CONSTANT_CONVERSION = YES;
				CLANG_WARN_DEPRECATED_OBJC_IMPLEMENTATIONS = YES;
				CLANG_WARN_DIRECT_OBJC_ISA_USAGE = YES_ERROR;
				CLANG_WARN_DOCUMENTATION_COMMENTS = YES;
				CLANG_WARN_EMPTY_BODY = YES;
				CLANG_WARN_ENUM_CONVERSION = YES;
				CLANG_WARN_INFINITE_RECURSION = YES;
				CLANG_WARN_INT_CONVERSION = YES;
				CLANG_WARN_NON_LITERAL_NULL_CONVERSION = YES;
				CLANG_WARN_OBJC_IMPLICIT_RETAIN_SELF = YES;
				CLANG_WARN_OBJC_LITERAL_CONVERSION = YES;
				CLANG_WARN_OBJC_ROOT_CLASS = YES_ERROR;
				CLANG_WARN_QUOTED_INCLUDE_IN_FRAMEWORK_HEADER = YES;
				CLANG_WARN_RANGE_LOOP_ANALYSIS = YES;
				CLANG_WARN_STRICT_PROTOTYPES = YES;
				CLANG_WARN_SUSPICIOUS_MOVE = YES;
				CLANG_WARN_UNGUARDED_AVAILABILITY = YES_AGGRESSIVE;
				CLANG_WARN_UNREACHABLE_CODE = YES;
				CLANG_WARN__DUPLICATE_METHOD_MATCH = YES;
				COPY_PHASE_STRIP = NO;
				DEBUG_INFORMATION_FORMAT = "dwarf-with-dsym";
				ENABLE_NS_ASSERTIONS = NO;
				ENABLE_STRICT_OBJC_MSGSEND = YES;
				GCC_C_LANGUAGE_STANDARD = gnu11;
				GCC_NO_COMMON_BLOCKS = YES;
				GCC_WARN_64_TO_32_BIT_CONVERSION = YES;
				GCC_WARN_ABOUT_RETURN_TYPE = YES_ERROR;
				GCC_WARN_UNDECLARED_SELECTOR = YES;
				GCC_WARN_UNINITIALIZED_AUTOS = YES_AGGRESSIVE;
				GCC_WARN_UNUSED_FUNCTION = YES;
				GCC_WARN_UNUSED_VARIABLE = YES;
				MACOSX_DEPLOYMENT_TARGET = 10.15;
				MTL_ENABLE_DEBUG_INFO = NO;
				MTL_FAST_MATH = YES;
				SDKROOT = macosx;
			};
			name = Release;
		};
		D4382A3C26146B370068FF02 /* Debug */ = {
			isa = XCBuildConfiguration;
			buildSettings = {
				CODE_SIGN_STYLE = Automatic;
				PRODUCT_NAME = "$(TARGET_NAME)";
			};
			name = Debug;
		};
		D4382A3D26146B370068FF02 /* Release */ = {
			isa = XCBuildConfiguration;
			buildSettings = {
				CODE_SIGN_STYLE = Automatic;
				PRODUCT_NAME = "$(TARGET_NAME)";
			};
			name = Release;
		};
/* End XCBuildConfiguration section */

/* Begin XCConfigurationList section */
		D4382A2F26146B370068FF02 /* Build configuration list for PBXProject "RobustSTL" */ = {
			isa = XCConfigurationList;
			buildConfigurations = (
				D4382A3926146B370068FF02 /* Debug */,
				D4382A3A26146B370068FF02 /* Release */,
			);
			defaultConfigurationIsVisible = 0;
			defaultConfigurationName = Release;
		};
		D4382A3B26146B370068FF02 /* Build configuration list for PBXNativeTarget "RobustSTL" */ = {
			isa = XCConfigurationList;
			buildConfigurations = (
				D4382A3C26146B370068FF02 /* Debug */,
				D4382A3D26146B370068FF02 /* Release */,
			);
			defaultConfigurationIsVisible = 0;
			defaultConfigurationName = Release;
		};
/* End XCConfigurationList section */
	};
	rootObject = D4382A2C26146B370068FF02 /* Project object */;
}
